// !$*UTF8*$!
{
	archiveVersion = 1;
	classes = {
	};
	objectVersion = 46;
	objects = {

/* Begin PBXBuildFile section */
		1EDFDFD219963BCD0055E374 /* Foundation.framework in Frameworks */ = {isa = PBXBuildFile; fileRef = 1EDFDFD119963BCD0055E374 /* Foundation.framework */; };
		1EDFDFD419963BCD0055E374 /* CoreGraphics.framework in Frameworks */ = {isa = PBXBuildFile; fileRef = 1EDFDFD319963BCD0055E374 /* CoreGraphics.framework */; };
		1EDFDFD619963BCD0055E374 /* UIKit.framework in Frameworks */ = {isa = PBXBuildFile; fileRef = 1EDFDFD519963BCD0055E374 /* UIKit.framework */; };
		1EDFDFEB19963BCD0055E374 /* XCTest.framework in Frameworks */ = {isa = PBXBuildFile; fileRef = 1EDFDFEA19963BCD0055E374 /* XCTest.framework */; };
		1EDFDFEC19963BCD0055E374 /* Foundation.framework in Frameworks */ = {isa = PBXBuildFile; fileRef = 1EDFDFD119963BCD0055E374 /* Foundation.framework */; };
		1EDFDFED19963BCD0055E374 /* UIKit.framework in Frameworks */ = {isa = PBXBuildFile; fileRef = 1EDFDFD519963BCD0055E374 /* UIKit.framework */; };
		1EDFDFF519963BCD0055E374 /* InfoPlist.strings in Resources */ = {isa = PBXBuildFile; fileRef = 1EDFDFF319963BCD0055E374 /* InfoPlist.strings */; };
		1EDFDFF719963BCD0055E374 /* GVAnimatedPaggingTests.m in Sources */ = {isa = PBXBuildFile; fileRef = 1EDFDFF619963BCD0055E374 /* GVAnimatedPaggingTests.m */; };
		7D6CE14019A24DCA007B768B /* GVDataSource.m in Sources */ = {isa = PBXBuildFile; fileRef = 7D6CE12819A24DCA007B768B /* GVDataSource.m */; };
		7D6CE14119A24DCA007B768B /* GVAnimatedPaging.m in Sources */ = {isa = PBXBuildFile; fileRef = 7D6CE12A19A24DCA007B768B /* GVAnimatedPaging.m */; };
		7D6CE14219A24DCA007B768B /* GVContainer.m in Sources */ = {isa = PBXBuildFile; fileRef = 7D6CE12C19A24DCA007B768B /* GVContainer.m */; };
		7D6CE14319A24DCA007B768B /* GVHeader.m in Sources */ = {isa = PBXBuildFile; fileRef = 7D6CE12E19A24DCA007B768B /* GVHeader.m */; };
		7D6CE14419A24DCA007B768B /* GVIndicatorView.m in Sources */ = {isa = PBXBuildFile; fileRef = 7D6CE13019A24DCA007B768B /* GVIndicatorView.m */; };
		7D6CE14519A24DCA007B768B /* GVScrollView.m in Sources */ = {isa = PBXBuildFile; fileRef = 7D6CE13219A24DCA007B768B /* GVScrollView.m */; };
		7D6CE14619A24DCA007B768B /* GVMainViewController.m in Sources */ = {isa = PBXBuildFile; fileRef = 7D6CE13519A24DCA007B768B /* GVMainViewController.m */; };
		7D6CE14719A24DCA007B768B /* InfoPlist.strings in Resources */ = {isa = PBXBuildFile; fileRef = 7D6CE13619A24DCA007B768B /* InfoPlist.strings */; };
		7D6CE14819A24DCA007B768B /* GVAppDelegate.m in Sources */ = {isa = PBXBuildFile; fileRef = 7D6CE13A19A24DCA007B768B /* GVAppDelegate.m */; };
		7D6CE14919A24DCA007B768B /* Images.xcassets in Resources */ = {isa = PBXBuildFile; fileRef = 7D6CE13B19A24DCA007B768B /* Images.xcassets */; };
		7D6CE14A19A24DCA007B768B /* main.m in Sources */ = {isa = PBXBuildFile; fileRef = 7D6CE13C19A24DCA007B768B /* main.m */; };
		7D6CE14B19A24DCA007B768B /* GVAnimatedPaging-Info.plist in Resources */ = {isa = PBXBuildFile; fileRef = 7D6CE13E19A24DCA007B768B /* GVAnimatedPaging-Info.plist */; };
/* End PBXBuildFile section */

/* Begin PBXContainerItemProxy section */
		1EDFDFEE19963BCD0055E374 /* PBXContainerItemProxy */ = {
			isa = PBXContainerItemProxy;
			containerPortal = 1EDFDFC619963BCD0055E374 /* Project object */;
			proxyType = 1;
			remoteGlobalIDString = 1EDFDFCD19963BCD0055E374;
			remoteInfo = GVAnimatedPagging;
		};
/* End PBXContainerItemProxy section */

/* Begin PBXFileReference section */
		1EDFDFCE19963BCD0055E374 /* GVAnimatedPagging.app */ = {isa = PBXFileReference; explicitFileType = wrapper.application; includeInIndex = 0; path = GVAnimatedPagging.app; sourceTree = BUILT_PRODUCTS_DIR; };
		1EDFDFD119963BCD0055E374 /* Foundation.framework */ = {isa = PBXFileReference; lastKnownFileType = wrapper.framework; name = Foundation.framework; path = System/Library/Frameworks/Foundation.framework; sourceTree = SDKROOT; };
		1EDFDFD319963BCD0055E374 /* CoreGraphics.framework */ = {isa = PBXFileReference; lastKnownFileType = wrapper.framework; name = CoreGraphics.framework; path = System/Library/Frameworks/CoreGraphics.framework; sourceTree = SDKROOT; };
		1EDFDFD519963BCD0055E374 /* UIKit.framework */ = {isa = PBXFileReference; lastKnownFileType = wrapper.framework; name = UIKit.framework; path = System/Library/Frameworks/UIKit.framework; sourceTree = SDKROOT; };
		1EDFDFE919963BCD0055E374 /* GVAnimatedPaggingTests.xctest */ = {isa = PBXFileReference; explicitFileType = wrapper.cfbundle; includeInIndex = 0; path = GVAnimatedPaggingTests.xctest; sourceTree = BUILT_PRODUCTS_DIR; };
		1EDFDFEA19963BCD0055E374 /* XCTest.framework */ = {isa = PBXFileReference; lastKnownFileType = wrapper.framework; name = XCTest.framework; path = Library/Frameworks/XCTest.framework; sourceTree = DEVELOPER_DIR; };
		1EDFDFF219963BCD0055E374 /* GVAnimatedPaggingTests-Info.plist */ = {isa = PBXFileReference; lastKnownFileType = text.plist.xml; path = "GVAnimatedPaggingTests-Info.plist"; sourceTree = "<group>"; };
		1EDFDFF419963BCD0055E374 /* en */ = {isa = PBXFileReference; lastKnownFileType = text.plist.strings; name = en; path = en.lproj/InfoPlist.strings; sourceTree = "<group>"; };
		1EDFDFF619963BCD0055E374 /* GVAnimatedPaggingTests.m */ = {isa = PBXFileReference; lastKnownFileType = sourcecode.c.objc; path = GVAnimatedPaggingTests.m; sourceTree = "<group>"; };
		7D6CE12719A24DCA007B768B /* GVDataSource.h */ = {isa = PBXFileReference; fileEncoding = 4; lastKnownFileType = sourcecode.c.h; path = GVDataSource.h; sourceTree = "<group>"; };
		7D6CE12819A24DCA007B768B /* GVDataSource.m */ = {isa = PBXFileReference; fileEncoding = 4; lastKnownFileType = sourcecode.c.objc; path = GVDataSource.m; sourceTree = "<group>"; };
		7D6CE12919A24DCA007B768B /* GVAnimatedPaging.h */ = {isa = PBXFileReference; fileEncoding = 4; lastKnownFileType = sourcecode.c.h; path = GVAnimatedPaging.h; sourceTree = "<group>"; };
		7D6CE12A19A24DCA007B768B /* GVAnimatedPaging.m */ = {isa = PBXFileReference; fileEncoding = 4; lastKnownFileType = sourcecode.c.objc; path = GVAnimatedPaging.m; sourceTree = "<group>"; };
		7D6CE12B19A24DCA007B768B /* GVContainer.h */ = {isa = PBXFileReference; fileEncoding = 4; lastKnownFileType = sourcecode.c.h; path = GVContainer.h; sourceTree = "<group>"; };
		7D6CE12C19A24DCA007B768B /* GVContainer.m */ = {isa = PBXFileReference; fileEncoding = 4; lastKnownFileType = sourcecode.c.objc; path = GVContainer.m; sourceTree = "<group>"; };
		7D6CE12D19A24DCA007B768B /* GVHeader.h */ = {isa = PBXFileReference; fileEncoding = 4; lastKnownFileType = sourcecode.c.h; path = GVHeader.h; sourceTree = "<group>"; };
		7D6CE12E19A24DCA007B768B /* GVHeader.m */ = {isa = PBXFileReference; fileEncoding = 4; lastKnownFileType = sourcecode.c.objc; path = GVHeader.m; sourceTree = "<group>"; };
		7D6CE12F19A24DCA007B768B /* GVIndicatorView.h */ = {isa = PBXFileReference; fileEncoding = 4; lastKnownFileType = sourcecode.c.h; path = GVIndicatorView.h; sourceTree = "<group>"; };
		7D6CE13019A24DCA007B768B /* GVIndicatorView.m */ = {isa = PBXFileReference; fileEncoding = 4; lastKnownFileType = sourcecode.c.objc; path = GVIndicatorView.m; sourceTree = "<group>"; };
		7D6CE13119A24DCA007B768B /* GVScrollView.h */ = {isa = PBXFileReference; fileEncoding = 4; lastKnownFileType = sourcecode.c.h; path = GVScrollView.h; sourceTree = "<group>"; };
		7D6CE13219A24DCA007B768B /* GVScrollView.m */ = {isa = PBXFileReference; fileEncoding = 4; lastKnownFileType = sourcecode.c.objc; path = GVScrollView.m; sourceTree = "<group>"; };
		7D6CE13419A24DCA007B768B /* GVMainViewController.h */ = {isa = PBXFileReference; fileEncoding = 4; lastKnownFileType = sourcecode.c.h; path = GVMainViewController.h; sourceTree = "<group>"; };
		7D6CE13519A24DCA007B768B /* GVMainViewController.m */ = {isa = PBXFileReference; fileEncoding = 4; lastKnownFileType = sourcecode.c.objc; path = GVMainViewController.m; sourceTree = "<group>"; };
		7D6CE13719A24DCA007B768B /* en */ = {isa = PBXFileReference; lastKnownFileType = text.plist.strings; name = en; path = en.lproj/InfoPlist.strings; sourceTree = "<group>"; };
		7D6CE13919A24DCA007B768B /* GVAppDelegate.h */ = {isa = PBXFileReference; fileEncoding = 4; lastKnownFileType = sourcecode.c.h; path = GVAppDelegate.h; sourceTree = "<group>"; };
		7D6CE13A19A24DCA007B768B /* GVAppDelegate.m */ = {isa = PBXFileReference; fileEncoding = 4; lastKnownFileType = sourcecode.c.objc; path = GVAppDelegate.m; sourceTree = "<group>"; };
		7D6CE13B19A24DCA007B768B /* Images.xcassets */ = {isa = PBXFileReference; lastKnownFileType = folder.assetcatalog; path = Images.xcassets; sourceTree = "<group>"; };
		7D6CE13C19A24DCA007B768B /* main.m */ = {isa = PBXFileReference; fileEncoding = 4; lastKnownFileType = sourcecode.c.objc; path = main.m; sourceTree = "<group>"; };
		7D6CE13E19A24DCA007B768B /* GVAnimatedPaging-Info.plist */ = {isa = PBXFileReference; fileEncoding = 4; lastKnownFileType = text.plist.xml; path = "GVAnimatedPaging-Info.plist"; sourceTree = "<group>"; };
		7D6CE13F19A24DCA007B768B /* GVAnimatedPaging-Prefix.pch */ = {isa = PBXFileReference; fileEncoding = 4; lastKnownFileType = sourcecode.c.h; path = "GVAnimatedPaging-Prefix.pch"; sourceTree = "<group>"; };
/* End PBXFileReference section */

/* Begin PBXFrameworksBuildPhase section */
		1EDFDFCB19963BCD0055E374 /* Frameworks */ = {
			isa = PBXFrameworksBuildPhase;
			buildActionMask = 2147483647;
			files = (
				1EDFDFD419963BCD0055E374 /* CoreGraphics.framework in Frameworks */,
				1EDFDFD619963BCD0055E374 /* UIKit.framework in Frameworks */,
				1EDFDFD219963BCD0055E374 /* Foundation.framework in Frameworks */,
			);
			runOnlyForDeploymentPostprocessing = 0;
		};
		1EDFDFE619963BCD0055E374 /* Frameworks */ = {
			isa = PBXFrameworksBuildPhase;
			buildActionMask = 2147483647;
			files = (
				1EDFDFEB19963BCD0055E374 /* XCTest.framework in Frameworks */,
				1EDFDFED19963BCD0055E374 /* UIKit.framework in Frameworks */,
				1EDFDFEC19963BCD0055E374 /* Foundation.framework in Frameworks */,
			);
			runOnlyForDeploymentPostprocessing = 0;
		};
/* End PBXFrameworksBuildPhase section */

/* Begin PBXGroup section */
		1EDFDFC519963BCD0055E374 = {
			isa = PBXGroup;
			children = (
				7D6CE12319A24DCA007B768B /* Example */,
				1EDFDFF019963BCD0055E374 /* GVAnimatedPaggingTests */,
				1EDFDFD019963BCD0055E374 /* Frameworks */,
				1EDFDFCF19963BCD0055E374 /* Products */,
			);
			sourceTree = "<group>";
		};
		1EDFDFCF19963BCD0055E374 /* Products */ = {
			isa = PBXGroup;
			children = (
				1EDFDFCE19963BCD0055E374 /* GVAnimatedPagging.app */,
				1EDFDFE919963BCD0055E374 /* GVAnimatedPaggingTests.xctest */,
			);
			name = Products;
			sourceTree = "<group>";
		};
		1EDFDFD019963BCD0055E374 /* Frameworks */ = {
			isa = PBXGroup;
			children = (
				1EDFDFD119963BCD0055E374 /* Foundation.framework */,
				1EDFDFD319963BCD0055E374 /* CoreGraphics.framework */,
				1EDFDFD519963BCD0055E374 /* UIKit.framework */,
				1EDFDFEA19963BCD0055E374 /* XCTest.framework */,
			);
			name = Frameworks;
			sourceTree = "<group>";
		};
		1EDFDFF019963BCD0055E374 /* GVAnimatedPaggingTests */ = {
			isa = PBXGroup;
			children = (
				1EDFDFF619963BCD0055E374 /* GVAnimatedPaggingTests.m */,
				1EDFDFF119963BCD0055E374 /* Supporting Files */,
			);
			path = GVAnimatedPaggingTests;
			sourceTree = "<group>";
		};
		1EDFDFF119963BCD0055E374 /* Supporting Files */ = {
			isa = PBXGroup;
			children = (
				1EDFDFF219963BCD0055E374 /* GVAnimatedPaggingTests-Info.plist */,
				1EDFDFF319963BCD0055E374 /* InfoPlist.strings */,
			);
			name = "Supporting Files";
			sourceTree = "<group>";
		};
		7D6CE12319A24DCA007B768B /* Example */ = {
			isa = PBXGroup;
			children = (
				7D6CE12419A24DCA007B768B /* Classes */,
				7D6CE13619A24DCA007B768B /* InfoPlist.strings */,
				7D6CE13819A24DCA007B768B /* GVAnimatedPagingTests */,
				7D6CE13919A24DCA007B768B /* GVAppDelegate.h */,
				7D6CE13A19A24DCA007B768B /* GVAppDelegate.m */,
				7D6CE13B19A24DCA007B768B /* Images.xcassets */,
				7D6CE13C19A24DCA007B768B /* main.m */,
				7D6CE13D19A24DCA007B768B /* SupportingFiles */,
			);
			path = Example;
			sourceTree = "<group>";
		};
		7D6CE12419A24DCA007B768B /* Classes */ = {
			isa = PBXGroup;
			children = (
				7D6CE12519A24DCA007B768B /* AnimatedPaging */,
				7D6CE13319A24DCA007B768B /* Examples */,
			);
			path = Classes;
			sourceTree = "<group>";
		};
		7D6CE12519A24DCA007B768B /* AnimatedPaging */ = {
			isa = PBXGroup;
			children = (
				7D6CE12619A24DCA007B768B /* DataSource */,
				7D6CE12919A24DCA007B768B /* GVAnimatedPaging.h */,
				7D6CE12A19A24DCA007B768B /* GVAnimatedPaging.m */,
				7D6CE12B19A24DCA007B768B /* GVContainer.h */,
				7D6CE12C19A24DCA007B768B /* GVContainer.m */,
				7D6CE12D19A24DCA007B768B /* GVHeader.h */,
				7D6CE12E19A24DCA007B768B /* GVHeader.m */,
				7D6CE12F19A24DCA007B768B /* GVIndicatorView.h */,
				7D6CE13019A24DCA007B768B /* GVIndicatorView.m */,
				7D6CE13119A24DCA007B768B /* GVScrollView.h */,
				7D6CE13219A24DCA007B768B /* GVScrollView.m */,
			);
			path = AnimatedPaging;
			sourceTree = "<group>";
		};
		7D6CE12619A24DCA007B768B /* DataSource */ = {
			isa = PBXGroup;
			children = (
				7D6CE12719A24DCA007B768B /* GVDataSource.h */,
				7D6CE12819A24DCA007B768B /* GVDataSource.m */,
			);
			path = DataSource;
			sourceTree = "<group>";
		};
		7D6CE13319A24DCA007B768B /* Examples */ = {
			isa = PBXGroup;
			children = (
				7D6CE13419A24DCA007B768B /* GVMainViewController.h */,
				7D6CE13519A24DCA007B768B /* GVMainViewController.m */,
			);
			path = Examples;
			sourceTree = "<group>";
		};
		7D6CE13819A24DCA007B768B /* GVAnimatedPagingTests */ = {
			isa = PBXGroup;
			children = (
			);
			path = GVAnimatedPagingTests;
			sourceTree = "<group>";
		};
		7D6CE13D19A24DCA007B768B /* SupportingFiles */ = {
			isa = PBXGroup;
			children = (
				7D6CE13E19A24DCA007B768B /* GVAnimatedPaging-Info.plist */,
				7D6CE13F19A24DCA007B768B /* GVAnimatedPaging-Prefix.pch */,
			);
			path = SupportingFiles;
			sourceTree = "<group>";
		};
/* End PBXGroup section */

/* Begin PBXNativeTarget section */
		1EDFDFCD19963BCD0055E374 /* GVAnimatedPagging */ = {
			isa = PBXNativeTarget;
			buildConfigurationList = 1EDFDFFA19963BCD0055E374 /* Build configuration list for PBXNativeTarget "GVAnimatedPagging" */;
			buildPhases = (
				1EDFDFCA19963BCD0055E374 /* Sources */,
				1EDFDFCB19963BCD0055E374 /* Frameworks */,
				1EDFDFCC19963BCD0055E374 /* Resources */,
			);
			buildRules = (
			);
			dependencies = (
			);
			name = GVAnimatedPagging;
			productName = GVAnimatedPagging;
			productReference = 1EDFDFCE19963BCD0055E374 /* GVAnimatedPagging.app */;
			productType = "com.apple.product-type.application";
		};
		1EDFDFE819963BCD0055E374 /* GVAnimatedPaggingTests */ = {
			isa = PBXNativeTarget;
			buildConfigurationList = 1EDFDFFD19963BCD0055E374 /* Build configuration list for PBXNativeTarget "GVAnimatedPaggingTests" */;
			buildPhases = (
				1EDFDFE519963BCD0055E374 /* Sources */,
				1EDFDFE619963BCD0055E374 /* Frameworks */,
				1EDFDFE719963BCD0055E374 /* Resources */,
			);
			buildRules = (
			);
			dependencies = (
				1EDFDFEF19963BCD0055E374 /* PBXTargetDependency */,
			);
			name = GVAnimatedPaggingTests;
			productName = GVAnimatedPaggingTests;
			productReference = 1EDFDFE919963BCD0055E374 /* GVAnimatedPaggingTests.xctest */;
			productType = "com.apple.product-type.bundle.unit-test";
		};
/* End PBXNativeTarget section */

/* Begin PBXProject section */
		1EDFDFC619963BCD0055E374 /* Project object */ = {
			isa = PBXProject;
			attributes = {
				CLASSPREFIX = GV;
				LastUpgradeCheck = 0510;
				ORGANIZATIONNAME = "Gabriel Vermesan";
				TargetAttributes = {
					1EDFDFE819963BCD0055E374 = {
						TestTargetID = 1EDFDFCD19963BCD0055E374;
					};
				};
			};
			buildConfigurationList = 1EDFDFC919963BCD0055E374 /* Build configuration list for PBXProject "GVAnimatedPagging" */;
			compatibilityVersion = "Xcode 3.2";
			developmentRegion = English;
			hasScannedForEncodings = 0;
			knownRegions = (
				en,
			);
			mainGroup = 1EDFDFC519963BCD0055E374;
			productRefGroup = 1EDFDFCF19963BCD0055E374 /* Products */;
			projectDirPath = "";
			projectRoot = "";
			targets = (
				1EDFDFCD19963BCD0055E374 /* GVAnimatedPagging */,
				1EDFDFE819963BCD0055E374 /* GVAnimatedPaggingTests */,
			);
		};
/* End PBXProject section */

/* Begin PBXResourcesBuildPhase section */
		1EDFDFCC19963BCD0055E374 /* Resources */ = {
			isa = PBXResourcesBuildPhase;
			buildActionMask = 2147483647;
			files = (
				7D6CE14719A24DCA007B768B /* InfoPlist.strings in Resources */,
				7D6CE14919A24DCA007B768B /* Images.xcassets in Resources */,
				7D6CE14B19A24DCA007B768B /* GVAnimatedPaging-Info.plist in Resources */,
			);
			runOnlyForDeploymentPostprocessing = 0;
		};
		1EDFDFE719963BCD0055E374 /* Resources */ = {
			isa = PBXResourcesBuildPhase;
			buildActionMask = 2147483647;
			files = (
				1EDFDFF519963BCD0055E374 /* InfoPlist.strings in Resources */,
			);
			runOnlyForDeploymentPostprocessing = 0;
		};
/* End PBXResourcesBuildPhase section */

/* Begin PBXSourcesBuildPhase section */
		1EDFDFCA19963BCD0055E374 /* Sources */ = {
			isa = PBXSourcesBuildPhase;
			buildActionMask = 2147483647;
			files = (
				7D6CE14019A24DCA007B768B /* GVDataSource.m in Sources */,
				7D6CE14219A24DCA007B768B /* GVContainer.m in Sources */,
				7D6CE14519A24DCA007B768B /* GVScrollView.m in Sources */,
				7D6CE14819A24DCA007B768B /* GVAppDelegate.m in Sources */,
				7D6CE14119A24DCA007B768B /* GVAnimatedPaging.m in Sources */,
				7D6CE14419A24DCA007B768B /* GVIndicatorView.m in Sources */,
				7D6CE14319A24DCA007B768B /* GVHeader.m in Sources */,
				7D6CE14A19A24DCA007B768B /* main.m in Sources */,
				7D6CE14619A24DCA007B768B /* GVMainViewController.m in Sources */,
			);
			runOnlyForDeploymentPostprocessing = 0;
		};
		1EDFDFE519963BCD0055E374 /* Sources */ = {
			isa = PBXSourcesBuildPhase;
			buildActionMask = 2147483647;
			files = (
				1EDFDFF719963BCD0055E374 /* GVAnimatedPaggingTests.m in Sources */,
			);
			runOnlyForDeploymentPostprocessing = 0;
		};
/* End PBXSourcesBuildPhase section */

/* Begin PBXTargetDependency section */
		1EDFDFEF19963BCD0055E374 /* PBXTargetDependency */ = {
			isa = PBXTargetDependency;
			target = 1EDFDFCD19963BCD0055E374 /* GVAnimatedPagging */;
			targetProxy = 1EDFDFEE19963BCD0055E374 /* PBXContainerItemProxy */;
		};
/* End PBXTargetDependency section */

/* Begin PBXVariantGroup section */
		1EDFDFF319963BCD0055E374 /* InfoPlist.strings */ = {
			isa = PBXVariantGroup;
			children = (
				1EDFDFF419963BCD0055E374 /* en */,
			);
			name = InfoPlist.strings;
			sourceTree = "<group>";
		};
		7D6CE13619A24DCA007B768B /* InfoPlist.strings */ = {
			isa = PBXVariantGroup;
			children = (
				7D6CE13719A24DCA007B768B /* en */,
			);
			name = InfoPlist.strings;
			sourceTree = "<group>";
		};
/* End PBXVariantGroup section */

/* Begin XCBuildConfiguration section */
		1EDFDFF819963BCD0055E374 /* Debug */ = {
			isa = XCBuildConfiguration;
			buildSettings = {
				ALWAYS_SEARCH_USER_PATHS = NO;
				CLANG_CXX_LANGUAGE_STANDARD = "gnu++0x";
				CLANG_CXX_LIBRARY = "libc++";
				CLANG_ENABLE_MODULES = YES;
				CLANG_ENABLE_OBJC_ARC = YES;
				CLANG_WARN_BOOL_CONVERSION = YES;
				CLANG_WARN_CONSTANT_CONVERSION = YES;
				CLANG_WARN_DIRECT_OBJC_ISA_USAGE = YES_ERROR;
				CLANG_WARN_EMPTY_BODY = YES;
				CLANG_WARN_ENUM_CONVERSION = YES;
				CLANG_WARN_INT_CONVERSION = YES;
				CLANG_WARN_OBJC_ROOT_CLASS = YES_ERROR;
				CLANG_WARN__DUPLICATE_METHOD_MATCH = YES;
				"CODE_SIGN_IDENTITY[sdk=iphoneos*]" = "iPhone Developer";
				COPY_PHASE_STRIP = NO;
				GCC_C_LANGUAGE_STANDARD = gnu99;
				GCC_DYNAMIC_NO_PIC = NO;
				GCC_OPTIMIZATION_LEVEL = 0;
				GCC_PREPROCESSOR_DEFINITIONS = (
					"DEBUG=1",
					"$(inherited)",
				);
				GCC_SYMBOLS_PRIVATE_EXTERN = NO;
				GCC_WARN_64_TO_32_BIT_CONVERSION = YES;
				GCC_WARN_ABOUT_RETURN_TYPE = YES_ERROR;
				GCC_WARN_UNDECLARED_SELECTOR = YES;
				GCC_WARN_UNINITIALIZED_AUTOS = YES_AGGRESSIVE;
				GCC_WARN_UNUSED_FUNCTION = YES;
				GCC_WARN_UNUSED_VARIABLE = YES;
				IPHONEOS_DEPLOYMENT_TARGET = 7.1;
				ONLY_ACTIVE_ARCH = YES;
				SDKROOT = iphoneos;
			};
			name = Debug;
		};
		1EDFDFF919963BCD0055E374 /* Release */ = {
			isa = XCBuildConfiguration;
			buildSettings = {
				ALWAYS_SEARCH_USER_PATHS = NO;
				CLANG_CXX_LANGUAGE_STANDARD = "gnu++0x";
				CLANG_CXX_LIBRARY = "libc++";
				CLANG_ENABLE_MODULES = YES;
				CLANG_ENABLE_OBJC_ARC = YES;
				CLANG_WARN_BOOL_CONVERSION = YES;
				CLANG_WARN_CONSTANT_CONVERSION = YES;
				CLANG_WARN_DIRECT_OBJC_ISA_USAGE = YES_ERROR;
				CLANG_WARN_EMPTY_BODY = YES;
				CLANG_WARN_ENUM_CONVERSION = YES;
				CLANG_WARN_INT_CONVERSION = YES;
				CLANG_WARN_OBJC_ROOT_CLASS = YES_ERROR;
				CLANG_WARN__DUPLICATE_METHOD_MATCH = YES;
				"CODE_SIGN_IDENTITY[sdk=iphoneos*]" = "iPhone Developer";
				COPY_PHASE_STRIP = YES;
				ENABLE_NS_ASSERTIONS = NO;
				GCC_C_LANGUAGE_STANDARD = gnu99;
				GCC_WARN_64_TO_32_BIT_CONVERSION = YES;
				GCC_WARN_ABOUT_RETURN_TYPE = YES_ERROR;
				GCC_WARN_UNDECLARED_SELECTOR = YES;
				GCC_WARN_UNINITIALIZED_AUTOS = YES_AGGRESSIVE;
				GCC_WARN_UNUSED_FUNCTION = YES;
				GCC_WARN_UNUSED_VARIABLE = YES;
				IPHONEOS_DEPLOYMENT_TARGET = 7.1;
				SDKROOT = iphoneos;
				VALIDATE_PRODUCT = YES;
			};
			name = Release;
		};
		1EDFDFFB19963BCD0055E374 /* Debug */ = {
			isa = XCBuildConfiguration;
			buildSettings = {
				ASSETCATALOG_COMPILER_APPICON_NAME = AppIcon;
				ASSETCATALOG_COMPILER_LAUNCHIMAGE_NAME = LaunchImage;
				GCC_PRECOMPILE_PREFIX_HEADER = YES;
				GCC_PREFIX_HEADER = "GVAnimatedPaging/SupportingFiles/GVAnimatedPaging-Prefix.pch";
				INFOPLIST_FILE = "GVAnimatedPaging/SupportingFiles/GVAnimatedPaging-Info.plist";
				IPHONEOS_DEPLOYMENT_TARGET = 7.1;
				PRODUCT_NAME = "$(TARGET_NAME)";
				TARGETED_DEVICE_FAMILY = "1,2";
				WRAPPER_EXTENSION = app;
			};
			name = Debug;
		};
		1EDFDFFC19963BCD0055E374 /* Release */ = {
			isa = XCBuildConfiguration;
			buildSettings = {
				ASSETCATALOG_COMPILER_APPICON_NAME = AppIcon;
				ASSETCATALOG_COMPILER_LAUNCHIMAGE_NAME = LaunchImage;
				GCC_PRECOMPILE_PREFIX_HEADER = YES;
				GCC_PREFIX_HEADER = "GVAnimatedPaging/SupportingFiles/GVAnimatedPaging-Prefix.pch";
				INFOPLIST_FILE = "GVAnimatedPaging/SupportingFiles/GVAnimatedPaging-Info.plist";
				IPHONEOS_DEPLOYMENT_TARGET = 7.1;
				PRODUCT_NAME = "$(TARGET_NAME)";
				TARGETED_DEVICE_FAMILY = "1,2";
				WRAPPER_EXTENSION = app;
			};
			name = Release;
		};
		1EDFDFFE19963BCD0055E374 /* Debug */ = {
			isa = XCBuildConfiguration;
			buildSettings = {
				BUNDLE_LOADER = "$(BUILT_PRODUCTS_DIR)/GVAnimatedPagging.app/GVAnimatedPagging";
				FRAMEWORK_SEARCH_PATHS = (
					"$(SDKROOT)/Developer/Library/Frameworks",
					"$(inherited)",
					"$(DEVELOPER_FRAMEWORKS_DIR)",
				);
				GCC_PRECOMPILE_PREFIX_HEADER = YES;
				GCC_PREFIX_HEADER = "GVAnimatedPagging/GVAnimatedPagging-Prefix.pch";
				GCC_PREPROCESSOR_DEFINITIONS = (
					"DEBUG=1",
					"$(inherited)",
				);
				INFOPLIST_FILE = "GVAnimatedPaggingTests/GVAnimatedPaggingTests-Info.plist";
				PRODUCT_NAME = "$(TARGET_NAME)";
				TEST_HOST = "$(BUNDLE_LOADER)";
				WRAPPER_EXTENSION = xctest;
			};
			name = Debug;
		};
		1EDFDFFF19963BCD0055E374 /* Release */ = {
			isa = XCBuildConfiguration;
			buildSettings = {
				BUNDLE_LOADER = "$(BUILT_PRODUCTS_DIR)/GVAnimatedPagging.app/GVAnimatedPagging";
				FRAMEWORK_SEARCH_PATHS = (
					"$(SDKROOT)/Developer/Library/Frameworks",
					"$(inherited)",
					"$(DEVELOPER_FRAMEWORKS_DIR)",
				);
				GCC_PRECOMPILE_PREFIX_HEADER = YES;
				GCC_PREFIX_HEADER = "GVAnimatedPagging/GVAnimatedPagging-Prefix.pch";
				INFOPLIST_FILE = "GVAnimatedPaggingTests/GVAnimatedPaggingTests-Info.plist";
				PRODUCT_NAME = "$(TARGET_NAME)";
				TEST_HOST = "$(BUNDLE_LOADER)";
				WRAPPER_EXTENSION = xctest;
			};
			name = Release;
		};
/* End XCBuildConfiguration section */

/* Begin XCConfigurationList section */
		1EDFDFC919963BCD0055E374 /* Build configuration list for PBXProject "GVAnimatedPagging" */ = {
			isa = XCConfigurationList;
			buildConfigurations = (
				1EDFDFF819963BCD0055E374 /* Debug */,
				1EDFDFF919963BCD0055E374 /* Release */,
			);
			defaultConfigurationIsVisible = 0;
			defaultConfigurationName = Release;
		};
		1EDFDFFA19963BCD0055E374 /* Build configuration list for PBXNativeTarget "GVAnimatedPagging" */ = {
			isa = XCConfigurationList;
			buildConfigurations = (
				1EDFDFFB19963BCD0055E374 /* Debug */,
				1EDFDFFC19963BCD0055E374 /* Release */,
			);
			defaultConfigurationIsVisible = 0;
			defaultConfigurationName = Release;
		};
		1EDFDFFD19963BCD0055E374 /* Build configuration list for PBXNativeTarget "GVAnimatedPaggingTests" */ = {
			isa = XCConfigurationList;
			buildConfigurations = (
				1EDFDFFE19963BCD0055E374 /* Debug */,
				1EDFDFFF19963BCD0055E374 /* Release */,
			);
			defaultConfigurationIsVisible = 0;
			defaultConfigurationName = Release;
		};
/* End XCConfigurationList section */
	};
	rootObject = 1EDFDFC619963BCD0055E374 /* Project object */;
}
